
Microsoft Visual Studio Solution File, Format Version 12.00
# Visual Studio 15
VisualStudioVersion = 15.0.26228.9
MinimumVisualStudioVersion = 10.0.40219.1
Project("{FAE04EC0-301F-11D3-BF4B-00C04F79EFBC}") = "Barclays", "Barclays\Barclays.csproj", "{4833D095-1E4F-4EE0-BED1-3787210E02BF}"
EndProject
Project("{FAE04EC0-301F-11D3-BF4B-00C04F79EFBC}") = "UnitTestProject1", "UnitTestProject1\UnitTestProject1.csproj", "{4CE6488B-2D5E-4FA6-BFFB-A077A00E629F}"
EndProject
Global
	GlobalSection(SolutionConfigurationPlatforms) = preSolution
		Debug|Any CPU = Debug|Any CPU
		Release|Any CPU = Release|Any CPU
	EndGlobalSection
	GlobalSection(ProjectConfigurationPlatforms) = postSolution
		{4833D095-1E4F-4EE0-BED1-3787210E02BF}.Debug|Any CPU.ActiveCfg = Debug|Any CPU
		{4833D095-1E4F-4EE0-BED1-3787210E02BF}.Debug|Any CPU.Build.0 = Debug|Any CPU
		{4833D095-1E4F-4EE0-BED1-3787210E02BF}.Release|Any CPU.ActiveCfg = Release|Any CPU
		{4833D095-1E4F-4EE0-BED1-3787210E02BF}.Release|Any CPU.Build.0 = Release|Any CPU
		{4CE6488B-2D5E-4FA6-BFFB-A077A00E629F}.Debug|Any CPU.ActiveCfg = Debug|Any CPU
		{4CE6488B-2D5E-4FA6-BFFB-A077A00E629F}.Debug|Any CPU.Build.0 = Debug|Any CPU
		{4CE6488B-2D5E-4FA6-BFFB-A077A00E629F}.Release|Any CPU.ActiveCfg = Release|Any CPU
		{4CE6488B-2D5E-4FA6-BFFB-A077A00E629F}.Release|Any CPU.Build.0 = Release|Any CPU
	EndGlobalSection
	GlobalSection(SolutionProperties) = preSolution
		HideSolutionNode = FALSE
	EndGlobalSection
EndGlobal
